
Microsoft Visual Studio Solution File, Format Version 12.00
# Visual Studio Version 16
VisualStudioVersion = 16.0.30907.101
MinimumVisualStudioVersion = 10.0.40219.1
Project("{FAE04EC0-301F-11D3-BF4B-00C04F79EFBC}") = "OnVideo", "OnVideo\OnVideo.csproj", "{4FFB4C53-BE10-4F9E-AD98-548FED8ACAD2}"
EndProject
Global
	GlobalSection(SolutionConfigurationPlatforms) = preSolution
		Debug|Any CPU = Debug|Any CPU
		Release|Any CPU = Release|Any CPU
		Testing|Any CPU = Testing|Any CPU
	EndGlobalSection
	GlobalSection(ProjectConfigurationPlatforms) = postSolution
		{4FFB4C53-BE10-4F9E-AD98-548FED8ACAD2}.Debug|Any CPU.ActiveCfg = Debug|Any CPU
		{4FFB4C53-BE10-4F9E-AD98-548FED8ACAD2}.Debug|Any CPU.Build.0 = Debug|Any CPU
		{4FFB4C53-BE10-4F9E-AD98-548FED8ACAD2}.Release|Any CPU.ActiveCfg = Release|Any CPU
		{4FFB4C53-BE10-4F9E-AD98-548FED8ACAD2}.Release|Any CPU.Build.0 = Release|Any CPU
		{4FFB4C53-BE10-4F9E-AD98-548FED8ACAD2}.Testing|Any CPU.ActiveCfg = Testing|Any CPU
		{4FFB4C53-BE10-4F9E-AD98-548FED8ACAD2}.Testing|Any CPU.Build.0 = Testing|Any CPU
	EndGlobalSection
	GlobalSection(SolutionProperties) = preSolution
		HideSolutionNode = FALSE
	EndGlobalSection
	GlobalSection(ExtensibilityGlobals) = postSolution
		SolutionGuid = {FA592CE0-135C-43BC-AF0B-5B79765ACA5A}
	EndGlobalSection
EndGlobal
